
Microsoft Visual Studio Solution File, Format Version 12.00
# Visual Studio Version 17
VisualStudioVersion = 17.13.35825.156
MinimumVisualStudioVersion = 10.0.40219.1
Project("{8BC9CEB8-8B4A-11D0-8D11-00A0C91BC942}") = "Lesson8", "Lesson8\Lesson8.vcxproj", "{C98232F8-23BB-409A-92B8-F056E3939BDB}"
EndProject
Project("{8BC9CEB8-8B4A-11D0-8D11-00A0C91BC942}") = "Lesson9", "Lesson9\Lesson9.vcxproj", "{93FAD7C6-46CD-4178-9ED8-BB9D256BF270}"
EndProject
Project("{8BC9CEB8-8B4A-11D0-8D11-00A0C91BC942}") = "Lesson10", "Lesson10\Lesson10.vcxproj", "{99D490F9-EC71-4A23-88F2-258624832AB1}"
EndProject
Project("{8BC9CEB8-8B4A-11D0-8D11-00A0C91BC942}") = "Lesson11", "Lesson11\Lesson11.vcxproj", "{0B898968-7DB7-4D62-A49E-652C7A87A979}"
EndProject
Project("{8BC9CEB8-8B4A-11D0-8D11-00A0C91BC942}") = "Lesson12", "Lesson12\Lesson12.vcxproj", "{26637AAC-911D-4EC6-935D-7919023CFFC0}"
EndProject
Project("{8BC9CEB8-8B4A-11D0-8D11-00A0C91BC942}") = "Lesson13", "Lesson13\Lesson13.vcxproj", "{41584E7A-E93B-4C42-8145-524756467CF6}"
EndProject
Project("{8BC9CEB8-8B4A-11D0-8D11-00A0C91BC942}") = "Lesson14", "Lesson14\Lesson14.vcxproj", "{2BB7F7A3-1DF2-4178-AA15-762A27550490}"
EndProject
Project("{8BC9CEB8-8B4A-11D0-8D11-00A0C91BC942}") = "Lesson15", "Lesson15\Lesson15.vcxproj", "{5FF389B7-7AC4-41CF-A042-3474730DF40E}"
EndProject
Project("{8BC9CEB8-8B4A-11D0-8D11-00A0C91BC942}") = "Lesson16", "Lesson16\Lesson16.vcxproj", "{ED453244-BAE3-4F84-B715-2D136EB06B04}"
EndProject
Project("{FAE04EC0-301F-11D3-BF4B-00C04F79EFBC}") = "ExampleCsharp", "ExampleCsharp\ExampleCsharp.csproj", "{6E99B360-51E2-4A64-9B3A-FD04D1AE55F7}"
EndProject
Project("{8BC9CEB8-8B4A-11D0-8D11-00A0C91BC942}") = "Lesson17", "Lesson17\Lesson17.vcxproj", "{A2AF057E-7D4F-4ACE-AFE5-E93D7F2C4E9B}"
EndProject
Project("{8BC9CEB8-8B4A-11D0-8D11-00A0C91BC942}") = "Lesson18", "Lesson18\Lesson18.vcxproj", "{09618A24-E5FE-4C2A-A680-F8832B755BBC}"
EndProject
Project("{8BC9CEB8-8B4A-11D0-8D11-00A0C91BC942}") = "Lesson19", "Lesson19\Lesson19.vcxproj", "{674BD745-F5BA-483A-A0F0-A806FDF35605}"
EndProject
Project("{8BC9CEB8-8B4A-11D0-8D11-00A0C91BC942}") = "Lesson20", "Lesson20\Lesson20.vcxproj", "{A4395364-84CD-4358-9EC0-D9E2587D3286}"
EndProject
Project("{8BC9CEB8-8B4A-11D0-8D11-00A0C91BC942}") = "Lesson22", "Lesson22\Lesson22.vcxproj", "{8F4D2564-68B0-4DB8-8D11-3F58D0BFDE9A}"
EndProject
Project("{8BC9CEB8-8B4A-11D0-8D11-00A0C91BC942}") = "Lesson23", "Lesson23\Lesson23.vcxproj", "{29382AF1-00D8-47A1-96D4-37AB3BF48C36}"
EndProject
Project("{8BC9CEB8-8B4A-11D0-8D11-00A0C91BC942}") = "Lesson24", "Lesson24\Lesson24.vcxproj", "{CA4FC90E-C560-415B-87E8-F1C2BE6C5573}"
EndProject
Project("{8BC9CEB8-8B4A-11D0-8D11-00A0C91BC942}") = "Lesson25", "Lesson25\Lesson25.vcxproj", "{AFD4DF44-C795-4629-9951-4023D80A56BB}"
EndProject
Project("{8BC9CEB8-8B4A-11D0-8D11-00A0C91BC942}") = "Lesson26", "Lesson26\Lesson26.vcxproj", "{652E65B1-FEEB-4C32-B4C5-392577A25D41}"
EndProject
Project("{8BC9CEB8-8B4A-11D0-8D11-00A0C91BC942}") = "Lesson27", "Lesson27\Lesson27.vcxproj", "{AF224EFC-D561-4A31-972F-8B52C763C8B6}"
EndProject
Project("{8BC9CEB8-8B4A-11D0-8D11-00A0C91BC942}") = "Lesson28", "Lesson28\Lesson28.vcxproj", "{984F7B85-6CED-4713-9289-AEC3BC64EF65}"
EndProject
Project("{8BC9CEB8-8B4A-11D0-8D11-00A0C91BC942}") = "Lesson29", "Lesson29\Lesson29.vcxproj", "{A6D19BEF-CEBE-420C-A70B-4A64EDDFF942}"
EndProject
Project("{2150E333-8FDC-42A3-9474-1A3956D46DE8}") = "Solution Items", "Solution Items", "{8EC462FD-D22E-90A8-E5CE-7E832BA40C5D}"
	ProjectSection(SolutionItems) = preProject
		readme.md = readme.md
	EndProjectSection
EndProject
Project("{8BC9CEB8-8B4A-11D0-8D11-00A0C91BC942}") = "Lesson30", "Lesson30\Lesson30.vcxproj", "{8A768146-1A95-490B-BB2A-73BDCBB766FA}"
EndProject
Project("{8BC9CEB8-8B4A-11D0-8D11-00A0C91BC942}") = "Lesson31", "Lesson31\Lesson31.vcxproj", "{198A72DB-2935-497A-9618-FE68A2128EED}"
EndProject
Project("{8BC9CEB8-8B4A-11D0-8D11-00A0C91BC942}") = "Lesson32", "Lesson32\Lesson32.vcxproj", "{001F2B73-CBE6-4D26-89B0-FDD74A5A85D7}"
EndProject
Project("{8BC9CEB8-8B4A-11D0-8D11-00A0C91BC942}") = "Lesson33", "Lesson33\Lesson33.vcxproj", "{4CC60355-02AA-47C7-A03E-932B9D77675F}"
EndProject
Global
	GlobalSection(SolutionConfigurationPlatforms) = preSolution
		Debug|Any CPU = Debug|Any CPU
		Debug|x64 = Debug|x64
		Debug|x86 = Debug|x86
		Release|Any CPU = Release|Any CPU
		Release|x64 = Release|x64
		Release|x86 = Release|x86
	EndGlobalSection
	GlobalSection(ProjectConfigurationPlatforms) = postSolution
		{C98232F8-23BB-409A-92B8-F056E3939BDB}.Debug|Any CPU.ActiveCfg = Debug|x64
		{C98232F8-23BB-409A-92B8-F056E3939BDB}.Debug|Any CPU.Build.0 = Debug|x64
		{C98232F8-23BB-409A-92B8-F056E3939BDB}.Debug|x64.ActiveCfg = Debug|x64
		{C98232F8-23BB-409A-92B8-F056E3939BDB}.Debug|x64.Build.0 = Debug|x64
		{C98232F8-23BB-409A-92B8-F056E3939BDB}.Debug|x86.ActiveCfg = Debug|Win32
		{C98232F8-23BB-409A-92B8-F056E3939BDB}.Debug|x86.Build.0 = Debug|Win32
		{C98232F8-23BB-409A-92B8-F056E3939BDB}.Release|Any CPU.ActiveCfg = Release|x64
		{C98232F8-23BB-409A-92B8-F056E3939BDB}.Release|Any CPU.Build.0 = Release|x64
		{C98232F8-23BB-409A-92B8-F056E3939BDB}.Release|x64.ActiveCfg = Release|x64
		{C98232F8-23BB-409A-92B8-F056E3939BDB}.Release|x64.Build.0 = Release|x64
		{C98232F8-23BB-409A-92B8-F056E3939BDB}.Release|x86.ActiveCfg = Release|Win32
		{C98232F8-23BB-409A-92B8-F056E3939BDB}.Release|x86.Build.0 = Release|Win32
		{93FAD7C6-46CD-4178-9ED8-BB9D256BF270}.Debug|Any CPU.ActiveCfg = Debug|x64
		{93FAD7C6-46CD-4178-9ED8-BB9D256BF270}.Debug|Any CPU.Build.0 = Debug|x64
		{93FAD7C6-46CD-4178-9ED8-BB9D256BF270}.Debug|x64.ActiveCfg = Debug|x64
		{93FAD7C6-46CD-4178-9ED8-BB9D256BF270}.Debug|x64.Build.0 = Debug|x64
		{93FAD7C6-46CD-4178-9ED8-BB9D256BF270}.Debug|x86.ActiveCfg = Debug|Win32
		{93FAD7C6-46CD-4178-9ED8-BB9D256BF270}.Debug|x86.Build.0 = Debug|Win32
		{93FAD7C6-46CD-4178-9ED8-BB9D256BF270}.Release|Any CPU.ActiveCfg = Release|x64
		{93FAD7C6-46CD-4178-9ED8-BB9D256BF270}.Release|Any CPU.Build.0 = Release|x64
		{93FAD7C6-46CD-4178-9ED8-BB9D256BF270}.Release|x64.ActiveCfg = Release|x64
		{93FAD7C6-46CD-4178-9ED8-BB9D256BF270}.Release|x64.Build.0 = Release|x64
		{93FAD7C6-46CD-4178-9ED8-BB9D256BF270}.Release|x86.ActiveCfg = Release|Win32
		{93FAD7C6-46CD-4178-9ED8-BB9D256BF270}.Release|x86.Build.0 = Release|Win32
		{99D490F9-EC71-4A23-88F2-258624832AB1}.Debug|Any CPU.ActiveCfg = Debug|x64
		{99D490F9-EC71-4A23-88F2-258624832AB1}.Debug|Any CPU.Build.0 = Debug|x64
		{99D490F9-EC71-4A23-88F2-258624832AB1}.Debug|x64.ActiveCfg = Debug|x64
		{99D490F9-EC71-4A23-88F2-258624832AB1}.Debug|x64.Build.0 = Debug|x64
		{99D490F9-EC71-4A23-88F2-258624832AB1}.Debug|x86.ActiveCfg = Debug|Win32
		{99D490F9-EC71-4A23-88F2-258624832AB1}.Debug|x86.Build.0 = Debug|Win32
		{99D490F9-EC71-4A23-88F2-258624832AB1}.Release|Any CPU.ActiveCfg = Release|x64
		{99D490F9-EC71-4A23-88F2-258624832AB1}.Release|Any CPU.Build.0 = Release|x64
		{99D490F9-EC71-4A23-88F2-258624832AB1}.Release|x64.ActiveCfg = Release|x64
		{99D490F9-EC71-4A23-88F2-258624832AB1}.Release|x64.Build.0 = Release|x64
		{99D490F9-EC71-4A23-88F2-258624832AB1}.Release|x86.ActiveCfg = Release|Win32
		{99D490F9-EC71-4A23-88F2-258624832AB1}.Release|x86.Build.0 = Release|Win32
		{0B898968-7DB7-4D62-A49E-652C7A87A979}.Debug|Any CPU.ActiveCfg = Debug|x64
		{0B898968-7DB7-4D62-A49E-652C7A87A979}.Debug|Any CPU.Build.0 = Debug|x64
		{0B898968-7DB7-4D62-A49E-652C7A87A979}.Debug|x64.ActiveCfg = Debug|x64
		{0B898968-7DB7-4D62-A49E-652C7A87A979}.Debug|x64.Build.0 = Debug|x64
		{0B898968-7DB7-4D62-A49E-652C7A87A979}.Debug|x86.ActiveCfg = Debug|Win32
		{0B898968-7DB7-4D62-A49E-652C7A87A979}.Debug|x86.Build.0 = Debug|Win32
		{0B898968-7DB7-4D62-A49E-652C7A87A979}.Release|Any CPU.ActiveCfg = Release|x64
		{0B898968-7DB7-4D62-A49E-652C7A87A979}.Release|Any CPU.Build.0 = Release|x64
		{0B898968-7DB7-4D62-A49E-652C7A87A979}.Release|x64.ActiveCfg = Release|x64
		{0B898968-7DB7-4D62-A49E-652C7A87A979}.Release|x64.Build.0 = Release|x64
		{0B898968-7DB7-4D62-A49E-652C7A87A979}.Release|x86.ActiveCfg = Release|Win32
		{0B898968-7DB7-4D62-A49E-652C7A87A979}.Release|x86.Build.0 = Release|Win32
		{26637AAC-911D-4EC6-935D-7919023CFFC0}.Debug|Any CPU.ActiveCfg = Debug|x64
		{26637AAC-911D-4EC6-935D-7919023CFFC0}.Debug|Any CPU.Build.0 = Debug|x64
		{26637AAC-911D-4EC6-935D-7919023CFFC0}.Debug|x64.ActiveCfg = Debug|x64
		{26637AAC-911D-4EC6-935D-7919023CFFC0}.Debug|x64.Build.0 = Debug|x64
		{26637AAC-911D-4EC6-935D-7919023CFFC0}.Debug|x86.ActiveCfg = Debug|Win32
		{26637AAC-911D-4EC6-935D-7919023CFFC0}.Debug|x86.Build.0 = Debug|Win32
		{26637AAC-911D-4EC6-935D-7919023CFFC0}.Release|Any CPU.ActiveCfg = Release|x64
		{26637AAC-911D-4EC6-935D-7919023CFFC0}.Release|Any CPU.Build.0 = Release|x64
		{26637AAC-911D-4EC6-935D-7919023CFFC0}.Release|x64.ActiveCfg = Release|x64
		{26637AAC-911D-4EC6-935D-7919023CFFC0}.Release|x64.Build.0 = Release|x64
		{26637AAC-911D-4EC6-935D-7919023CFFC0}.Release|x86.ActiveCfg = Release|Win32
		{26637AAC-911D-4EC6-935D-7919023CFFC0}.Release|x86.Build.0 = Release|Win32
		{41584E7A-E93B-4C42-8145-524756467CF6}.Debug|Any CPU.ActiveCfg = Debug|x64
		{41584E7A-E93B-4C42-8145-524756467CF6}.Debug|Any CPU.Build.0 = Debug|x64
		{41584E7A-E93B-4C42-8145-524756467CF6}.Debug|x64.ActiveCfg = Debug|x64
		{41584E7A-E93B-4C42-8145-524756467CF6}.Debug|x64.Build.0 = Debug|x64
		{41584E7A-E93B-4C42-8145-524756467CF6}.Debug|x86.ActiveCfg = Debug|Win32
		{41584E7A-E93B-4C42-8145-524756467CF6}.Debug|x86.Build.0 = Debug|Win32
		{41584E7A-E93B-4C42-8145-524756467CF6}.Release|Any CPU.ActiveCfg = Release|x64
		{41584E7A-E93B-4C42-8145-524756467CF6}.Release|Any CPU.Build.0 = Release|x64
		{41584E7A-E93B-4C42-8145-524756467CF6}.Release|x64.ActiveCfg = Release|x64
		{41584E7A-E93B-4C42-8145-524756467CF6}.Release|x64.Build.0 = Release|x64
		{41584E7A-E93B-4C42-8145-524756467CF6}.Release|x86.ActiveCfg = Release|Win32
		{41584E7A-E93B-4C42-8145-524756467CF6}.Release|x86.Build.0 = Release|Win32
		{2BB7F7A3-1DF2-4178-AA15-762A27550490}.Debug|Any CPU.ActiveCfg = Debug|x64
		{2BB7F7A3-1DF2-4178-AA15-762A27550490}.Debug|Any CPU.Build.0 = Debug|x64
		{2BB7F7A3-1DF2-4178-AA15-762A27550490}.Debug|x64.ActiveCfg = Debug|x64
		{2BB7F7A3-1DF2-4178-AA15-762A27550490}.Debug|x64.Build.0 = Debug|x64
		{2BB7F7A3-1DF2-4178-AA15-762A27550490}.Debug|x86.ActiveCfg = Debug|Win32
		{2BB7F7A3-1DF2-4178-AA15-762A27550490}.Debug|x86.Build.0 = Debug|Win32
		{2BB7F7A3-1DF2-4178-AA15-762A27550490}.Release|Any CPU.ActiveCfg = Release|x64
		{2BB7F7A3-1DF2-4178-AA15-762A27550490}.Release|Any CPU.Build.0 = Release|x64
		{2BB7F7A3-1DF2-4178-AA15-762A27550490}.Release|x64.ActiveCfg = Release|x64
		{2BB7F7A3-1DF2-4178-AA15-762A27550490}.Release|x64.Build.0 = Release|x64
		{2BB7F7A3-1DF2-4178-AA15-762A27550490}.Release|x86.ActiveCfg = Release|Win32
		{2BB7F7A3-1DF2-4178-AA15-762A27550490}.Release|x86.Build.0 = Release|Win32
		{5FF389B7-7AC4-41CF-A042-3474730DF40E}.Debug|Any CPU.ActiveCfg = Debug|x64
		{5FF389B7-7AC4-41CF-A042-3474730DF40E}.Debug|Any CPU.Build.0 = Debug|x64
		{5FF389B7-7AC4-41CF-A042-3474730DF40E}.Debug|x64.ActiveCfg = Debug|x64
		{5FF389B7-7AC4-41CF-A042-3474730DF40E}.Debug|x64.Build.0 = Debug|x64
		{5FF389B7-7AC4-41CF-A042-3474730DF40E}.Debug|x86.ActiveCfg = Debug|Win32
		{5FF389B7-7AC4-41CF-A042-3474730DF40E}.Debug|x86.Build.0 = Debug|Win32
		{5FF389B7-7AC4-41CF-A042-3474730DF40E}.Release|Any CPU.ActiveCfg = Release|x64
		{5FF389B7-7AC4-41CF-A042-3474730DF40E}.Release|Any CPU.Build.0 = Release|x64
		{5FF389B7-7AC4-41CF-A042-3474730DF40E}.Release|x64.ActiveCfg = Release|x64
		{5FF389B7-7AC4-41CF-A042-3474730DF40E}.Release|x64.Build.0 = Release|x64
		{5FF389B7-7AC4-41CF-A042-3474730DF40E}.Release|x86.ActiveCfg = Release|Win32
		{5FF389B7-7AC4-41CF-A042-3474730DF40E}.Release|x86.Build.0 = Release|Win32
		{ED453244-BAE3-4F84-B715-2D136EB06B04}.Debug|Any CPU.ActiveCfg = Debug|x64
		{ED453244-BAE3-4F84-B715-2D136EB06B04}.Debug|Any CPU.Build.0 = Debug|x64
		{ED453244-BAE3-4F84-B715-2D136EB06B04}.Debug|x64.ActiveCfg = Debug|x64
		{ED453244-BAE3-4F84-B715-2D136EB06B04}.Debug|x64.Build.0 = Debug|x64
		{ED453244-BAE3-4F84-B715-2D136EB06B04}.Debug|x86.ActiveCfg = Debug|Win32
		{ED453244-BAE3-4F84-B715-2D136EB06B04}.Debug|x86.Build.0 = Debug|Win32
		{ED453244-BAE3-4F84-B715-2D136EB06B04}.Release|Any CPU.ActiveCfg = Release|x64
		{ED453244-BAE3-4F84-B715-2D136EB06B04}.Release|Any CPU.Build.0 = Release|x64
		{ED453244-BAE3-4F84-B715-2D136EB06B04}.Release|x64.ActiveCfg = Release|x64
		{ED453244-BAE3-4F84-B715-2D136EB06B04}.Release|x64.Build.0 = Release|x64
		{ED453244-BAE3-4F84-B715-2D136EB06B04}.Release|x86.ActiveCfg = Release|Win32
		{ED453244-BAE3-4F84-B715-2D136EB06B04}.Release|x86.Build.0 = Release|Win32
		{6E99B360-51E2-4A64-9B3A-FD04D1AE55F7}.Debug|Any CPU.ActiveCfg = Debug|Any CPU
		{6E99B360-51E2-4A64-9B3A-FD04D1AE55F7}.Debug|Any CPU.Build.0 = Debug|Any CPU
		{6E99B360-51E2-4A64-9B3A-FD04D1AE55F7}.Debug|x64.ActiveCfg = Debug|Any CPU
		{6E99B360-51E2-4A64-9B3A-FD04D1AE55F7}.Debug|x64.Build.0 = Debug|Any CPU
		{6E99B360-51E2-4A64-9B3A-FD04D1AE55F7}.Debug|x86.ActiveCfg = Debug|Any CPU
		{6E99B360-51E2-4A64-9B3A-FD04D1AE55F7}.Debug|x86.Build.0 = Debug|Any CPU
		{6E99B360-51E2-4A64-9B3A-FD04D1AE55F7}.Release|Any CPU.ActiveCfg = Release|Any CPU
		{6E99B360-51E2-4A64-9B3A-FD04D1AE55F7}.Release|Any CPU.Build.0 = Release|Any CPU
		{6E99B360-51E2-4A64-9B3A-FD04D1AE55F7}.Release|x64.ActiveCfg = Release|Any CPU
		{6E99B360-51E2-4A64-9B3A-FD04D1AE55F7}.Release|x64.Build.0 = Release|Any CPU
		{6E99B360-51E2-4A64-9B3A-FD04D1AE55F7}.Release|x86.ActiveCfg = Release|Any CPU
		{6E99B360-51E2-4A64-9B3A-FD04D1AE55F7}.Release|x86.Build.0 = Release|Any CPU
		{A2AF057E-7D4F-4ACE-AFE5-E93D7F2C4E9B}.Debug|Any CPU.ActiveCfg = Debug|x64
		{A2AF057E-7D4F-4ACE-AFE5-E93D7F2C4E9B}.Debug|Any CPU.Build.0 = Debug|x64
		{A2AF057E-7D4F-4ACE-AFE5-E93D7F2C4E9B}.Debug|x64.ActiveCfg = Debug|x64
		{A2AF057E-7D4F-4ACE-AFE5-E93D7F2C4E9B}.Debug|x64.Build.0 = Debug|x64
		{A2AF057E-7D4F-4ACE-AFE5-E93D7F2C4E9B}.Debug|x86.ActiveCfg = Debug|Win32
		{A2AF057E-7D4F-4ACE-AFE5-E93D7F2C4E9B}.Debug|x86.Build.0 = Debug|Win32
		{A2AF057E-7D4F-4ACE-AFE5-E93D7F2C4E9B}.Release|Any CPU.ActiveCfg = Release|x64
		{A2AF057E-7D4F-4ACE-AFE5-E93D7F2C4E9B}.Release|Any CPU.Build.0 = Release|x64
		{A2AF057E-7D4F-4ACE-AFE5-E93D7F2C4E9B}.Release|x64.ActiveCfg = Release|x64
		{A2AF057E-7D4F-4ACE-AFE5-E93D7F2C4E9B}.Release|x64.Build.0 = Release|x64
		{A2AF057E-7D4F-4ACE-AFE5-E93D7F2C4E9B}.Release|x86.ActiveCfg = Release|Win32
		{A2AF057E-7D4F-4ACE-AFE5-E93D7F2C4E9B}.Release|x86.Build.0 = Release|Win32
		{09618A24-E5FE-4C2A-A680-F8832B755BBC}.Debug|Any CPU.ActiveCfg = Debug|x64
		{09618A24-E5FE-4C2A-A680-F8832B755BBC}.Debug|Any CPU.Build.0 = Debug|x64
		{09618A24-E5FE-4C2A-A680-F8832B755BBC}.Debug|x64.ActiveCfg = Debug|x64
		{09618A24-E5FE-4C2A-A680-F8832B755BBC}.Debug|x64.Build.0 = Debug|x64
		{09618A24-E5FE-4C2A-A680-F8832B755BBC}.Debug|x86.ActiveCfg = Debug|Win32
		{09618A24-E5FE-4C2A-A680-F8832B755BBC}.Debug|x86.Build.0 = Debug|Win32
		{09618A24-E5FE-4C2A-A680-F8832B755BBC}.Release|Any CPU.ActiveCfg = Release|x64
		{09618A24-E5FE-4C2A-A680-F8832B755BBC}.Release|Any CPU.Build.0 = Release|x64
		{09618A24-E5FE-4C2A-A680-F8832B755BBC}.Release|x64.ActiveCfg = Release|x64
		{09618A24-E5FE-4C2A-A680-F8832B755BBC}.Release|x64.Build.0 = Release|x64
		{09618A24-E5FE-4C2A-A680-F8832B755BBC}.Release|x86.ActiveCfg = Release|Win32
		{09618A24-E5FE-4C2A-A680-F8832B755BBC}.Release|x86.Build.0 = Release|Win32
		{674BD745-F5BA-483A-A0F0-A806FDF35605}.Debug|Any CPU.ActiveCfg = Debug|x64
		{674BD745-F5BA-483A-A0F0-A806FDF35605}.Debug|Any CPU.Build.0 = Debug|x64
		{674BD745-F5BA-483A-A0F0-A806FDF35605}.Debug|x64.ActiveCfg = Debug|x64
		{674BD745-F5BA-483A-A0F0-A806FDF35605}.Debug|x64.Build.0 = Debug|x64
		{674BD745-F5BA-483A-A0F0-A806FDF35605}.Debug|x86.ActiveCfg = Debug|Win32
		{674BD745-F5BA-483A-A0F0-A806FDF35605}.Debug|x86.Build.0 = Debug|Win32
		{674BD745-F5BA-483A-A0F0-A806FDF35605}.Release|Any CPU.ActiveCfg = Release|x64
		{674BD745-F5BA-483A-A0F0-A806FDF35605}.Release|Any CPU.Build.0 = Release|x64
		{674BD745-F5BA-483A-A0F0-A806FDF35605}.Release|x64.ActiveCfg = Release|x64
		{674BD745-F5BA-483A-A0F0-A806FDF35605}.Release|x64.Build.0 = Release|x64
		{674BD745-F5BA-483A-A0F0-A806FDF35605}.Release|x86.ActiveCfg = Release|Win32
		{674BD745-F5BA-483A-A0F0-A806FDF35605}.Release|x86.Build.0 = Release|Win32
		{A4395364-84CD-4358-9EC0-D9E2587D3286}.Debug|Any CPU.ActiveCfg = Debug|x64
		{A4395364-84CD-4358-9EC0-D9E2587D3286}.Debug|Any CPU.Build.0 = Debug|x64
		{A4395364-84CD-4358-9EC0-D9E2587D3286}.Debug|x64.ActiveCfg = Debug|x64
		{A4395364-84CD-4358-9EC0-D9E2587D3286}.Debug|x64.Build.0 = Debug|x64
		{A4395364-84CD-4358-9EC0-D9E2587D3286}.Debug|x86.ActiveCfg = Debug|Win32
		{A4395364-84CD-4358-9EC0-D9E2587D3286}.Debug|x86.Build.0 = Debug|Win32
		{A4395364-84CD-4358-9EC0-D9E2587D3286}.Release|Any CPU.ActiveCfg = Release|x64
		{A4395364-84CD-4358-9EC0-D9E2587D3286}.Release|Any CPU.Build.0 = Release|x64
		{A4395364-84CD-4358-9EC0-D9E2587D3286}.Release|x64.ActiveCfg = Release|x64
		{A4395364-84CD-4358-9EC0-D9E2587D3286}.Release|x64.Build.0 = Release|x64
		{A4395364-84CD-4358-9EC0-D9E2587D3286}.Release|x86.ActiveCfg = Release|Win32
		{A4395364-84CD-4358-9EC0-D9E2587D3286}.Release|x86.Build.0 = Release|Win32
		{8F4D2564-68B0-4DB8-8D11-3F58D0BFDE9A}.Debug|Any CPU.ActiveCfg = Debug|x64
		{8F4D2564-68B0-4DB8-8D11-3F58D0BFDE9A}.Debug|Any CPU.Build.0 = Debug|x64
		{8F4D2564-68B0-4DB8-8D11-3F58D0BFDE9A}.Debug|x64.ActiveCfg = Debug|x64
		{8F4D2564-68B0-4DB8-8D11-3F58D0BFDE9A}.Debug|x64.Build.0 = Debug|x64
		{8F4D2564-68B0-4DB8-8D11-3F58D0BFDE9A}.Debug|x86.ActiveCfg = Debug|Win32
		{8F4D2564-68B0-4DB8-8D11-3F58D0BFDE9A}.Debug|x86.Build.0 = Debug|Win32
		{8F4D2564-68B0-4DB8-8D11-3F58D0BFDE9A}.Release|Any CPU.ActiveCfg = Release|x64
		{8F4D2564-68B0-4DB8-8D11-3F58D0BFDE9A}.Release|Any CPU.Build.0 = Release|x64
		{8F4D2564-68B0-4DB8-8D11-3F58D0BFDE9A}.Release|x64.ActiveCfg = Release|x64
		{8F4D2564-68B0-4DB8-8D11-3F58D0BFDE9A}.Release|x64.Build.0 = Release|x64
		{8F4D2564-68B0-4DB8-8D11-3F58D0BFDE9A}.Release|x86.ActiveCfg = Release|Win32
		{8F4D2564-68B0-4DB8-8D11-3F58D0BFDE9A}.Release|x86.Build.0 = Release|Win32
		{29382AF1-00D8-47A1-96D4-37AB3BF48C36}.Debug|Any CPU.ActiveCfg = Debug|x64
		{29382AF1-00D8-47A1-96D4-37AB3BF48C36}.Debug|Any CPU.Build.0 = Debug|x64
		{29382AF1-00D8-47A1-96D4-37AB3BF48C36}.Debug|x64.ActiveCfg = Debug|x64
		{29382AF1-00D8-47A1-96D4-37AB3BF48C36}.Debug|x64.Build.0 = Debug|x64
		{29382AF1-00D8-47A1-96D4-37AB3BF48C36}.Debug|x86.ActiveCfg = Debug|Win32
		{29382AF1-00D8-47A1-96D4-37AB3BF48C36}.Debug|x86.Build.0 = Debug|Win32
		{29382AF1-00D8-47A1-96D4-37AB3BF48C36}.Release|Any CPU.ActiveCfg = Release|x64
		{29382AF1-00D8-47A1-96D4-37AB3BF48C36}.Release|Any CPU.Build.0 = Release|x64
		{29382AF1-00D8-47A1-96D4-37AB3BF48C36}.Release|x64.ActiveCfg = Release|x64
		{29382AF1-00D8-47A1-96D4-37AB3BF48C36}.Release|x64.Build.0 = Release|x64
		{29382AF1-00D8-47A1-96D4-37AB3BF48C36}.Release|x86.ActiveCfg = Release|Win32
		{29382AF1-00D8-47A1-96D4-37AB3BF48C36}.Release|x86.Build.0 = Release|Win32
		{CA4FC90E-C560-415B-87E8-F1C2BE6C5573}.Debug|Any CPU.ActiveCfg = Debug|x64
		{CA4FC90E-C560-415B-87E8-F1C2BE6C5573}.Debug|Any CPU.Build.0 = Debug|x64
		{CA4FC90E-C560-415B-87E8-F1C2BE6C5573}.Debug|x64.ActiveCfg = Debug|x64
		{CA4FC90E-C560-415B-87E8-F1C2BE6C5573}.Debug|x64.Build.0 = Debug|x64
		{CA4FC90E-C560-415B-87E8-F1C2BE6C5573}.Debug|x86.ActiveCfg = Debug|Win32
		{CA4FC90E-C560-415B-87E8-F1C2BE6C5573}.Debug|x86.Build.0 = Debug|Win32
		{CA4FC90E-C560-415B-87E8-F1C2BE6C5573}.Release|Any CPU.ActiveCfg = Release|x64
		{CA4FC90E-C560-415B-87E8-F1C2BE6C5573}.Release|Any CPU.Build.0 = Release|x64
		{CA4FC90E-C560-415B-87E8-F1C2BE6C5573}.Release|x64.ActiveCfg = Release|x64
		{CA4FC90E-C560-415B-87E8-F1C2BE6C5573}.Release|x64.Build.0 = Release|x64
		{CA4FC90E-C560-415B-87E8-F1C2BE6C5573}.Release|x86.ActiveCfg = Release|Win32
		{CA4FC90E-C560-415B-87E8-F1C2BE6C5573}.Release|x86.Build.0 = Release|Win32
		{AFD4DF44-C795-4629-9951-4023D80A56BB}.Debug|Any CPU.ActiveCfg = Debug|x64
		{AFD4DF44-C795-4629-9951-4023D80A56BB}.Debug|Any CPU.Build.0 = Debug|x64
		{AFD4DF44-C795-4629-9951-4023D80A56BB}.Debug|x64.ActiveCfg = Debug|x64
		{AFD4DF44-C795-4629-9951-4023D80A56BB}.Debug|x64.Build.0 = Debug|x64
		{AFD4DF44-C795-4629-9951-4023D80A56BB}.Debug|x86.ActiveCfg = Debug|Win32
		{AFD4DF44-C795-4629-9951-4023D80A56BB}.Debug|x86.Build.0 = Debug|Win32
		{AFD4DF44-C795-4629-9951-4023D80A56BB}.Release|Any CPU.ActiveCfg = Release|x64
		{AFD4DF44-C795-4629-9951-4023D80A56BB}.Release|Any CPU.Build.0 = Release|x64
		{AFD4DF44-C795-4629-9951-4023D80A56BB}.Release|x64.ActiveCfg = Release|x64
		{AFD4DF44-C795-4629-9951-4023D80A56BB}.Release|x64.Build.0 = Release|x64
		{AFD4DF44-C795-4629-9951-4023D80A56BB}.Release|x86.ActiveCfg = Release|Win32
		{AFD4DF44-C795-4629-9951-4023D80A56BB}.Release|x86.Build.0 = Release|Win32
		{652E65B1-FEEB-4C32-B4C5-392577A25D41}.Debug|Any CPU.ActiveCfg = Debug|x64
		{652E65B1-FEEB-4C32-B4C5-392577A25D41}.Debug|Any CPU.Build.0 = Debug|x64
		{652E65B1-FEEB-4C32-B4C5-392577A25D41}.Debug|x64.ActiveCfg = Debug|x64
		{652E65B1-FEEB-4C32-B4C5-392577A25D41}.Debug|x64.Build.0 = Debug|x64
		{652E65B1-FEEB-4C32-B4C5-392577A25D41}.Debug|x86.ActiveCfg = Debug|Win32
		{652E65B1-FEEB-4C32-B4C5-392577A25D41}.Debug|x86.Build.0 = Debug|Win32
		{652E65B1-FEEB-4C32-B4C5-392577A25D41}.Release|Any CPU.ActiveCfg = Release|x64
		{652E65B1-FEEB-4C32-B4C5-392577A25D41}.Release|Any CPU.Build.0 = Release|x64
		{652E65B1-FEEB-4C32-B4C5-392577A25D41}.Release|x64.ActiveCfg = Release|x64
		{652E65B1-FEEB-4C32-B4C5-392577A25D41}.Release|x64.Build.0 = Release|x64
		{652E65B1-FEEB-4C32-B4C5-392577A25D41}.Release|x86.ActiveCfg = Release|Win32
		{652E65B1-FEEB-4C32-B4C5-392577A25D41}.Release|x86.Build.0 = Release|Win32
		{AF224EFC-D561-4A31-972F-8B52C763C8B6}.Debug|Any CPU.ActiveCfg = Debug|x64
		{AF224EFC-D561-4A31-972F-8B52C763C8B6}.Debug|Any CPU.Build.0 = Debug|x64
		{AF224EFC-D561-4A31-972F-8B52C763C8B6}.Debug|x64.ActiveCfg = Debug|x64
		{AF224EFC-D561-4A31-972F-8B52C763C8B6}.Debug|x64.Build.0 = Debug|x64
		{AF224EFC-D561-4A31-972F-8B52C763C8B6}.Debug|x86.ActiveCfg = Debug|Win32
		{AF224EFC-D561-4A31-972F-8B52C763C8B6}.Debug|x86.Build.0 = Debug|Win32
		{AF224EFC-D561-4A31-972F-8B52C763C8B6}.Release|Any CPU.ActiveCfg = Release|x64
		{AF224EFC-D561-4A31-972F-8B52C763C8B6}.Release|Any CPU.Build.0 = Release|x64
		{AF224EFC-D561-4A31-972F-8B52C763C8B6}.Release|x64.ActiveCfg = Release|x64
		{AF224EFC-D561-4A31-972F-8B52C763C8B6}.Release|x64.Build.0 = Release|x64
		{AF224EFC-D561-4A31-972F-8B52C763C8B6}.Release|x86.ActiveCfg = Release|Win32
		{AF224EFC-D561-4A31-972F-8B52C763C8B6}.Release|x86.Build.0 = Release|Win32
		{984F7B85-6CED-4713-9289-AEC3BC64EF65}.Debug|Any CPU.ActiveCfg = Debug|x64
		{984F7B85-6CED-4713-9289-AEC3BC64EF65}.Debug|Any CPU.Build.0 = Debug|x64
		{984F7B85-6CED-4713-9289-AEC3BC64EF65}.Debug|x64.ActiveCfg = Debug|x64
		{984F7B85-6CED-4713-9289-AEC3BC64EF65}.Debug|x64.Build.0 = Debug|x64
		{984F7B85-6CED-4713-9289-AEC3BC64EF65}.Debug|x86.ActiveCfg = Debug|Win32
		{984F7B85-6CED-4713-9289-AEC3BC64EF65}.Debug|x86.Build.0 = Debug|Win32
		{984F7B85-6CED-4713-9289-AEC3BC64EF65}.Release|Any CPU.ActiveCfg = Release|x64
		{984F7B85-6CED-4713-9289-AEC3BC64EF65}.Release|Any CPU.Build.0 = Release|x64
		{984F7B85-6CED-4713-9289-AEC3BC64EF65}.Release|x64.ActiveCfg = Release|x64
		{984F7B85-6CED-4713-9289-AEC3BC64EF65}.Release|x64.Build.0 = Release|x64
		{984F7B85-6CED-4713-9289-AEC3BC64EF65}.Release|x86.ActiveCfg = Release|Win32
		{984F7B85-6CED-4713-9289-AEC3BC64EF65}.Release|x86.Build.0 = Release|Win32
		{A6D19BEF-CEBE-420C-A70B-4A64EDDFF942}.Debug|Any CPU.ActiveCfg = Debug|x64
		{A6D19BEF-CEBE-420C-A70B-4A64EDDFF942}.Debug|Any CPU.Build.0 = Debug|x64
		{A6D19BEF-CEBE-420C-A70B-4A64EDDFF942}.Debug|x64.ActiveCfg = Debug|x64
		{A6D19BEF-CEBE-420C-A70B-4A64EDDFF942}.Debug|x64.Build.0 = Debug|x64
		{A6D19BEF-CEBE-420C-A70B-4A64EDDFF942}.Debug|x86.ActiveCfg = Debug|Win32
		{A6D19BEF-CEBE-420C-A70B-4A64EDDFF942}.Debug|x86.Build.0 = Debug|Win32
		{A6D19BEF-CEBE-420C-A70B-4A64EDDFF942}.Release|Any CPU.ActiveCfg = Release|x64
		{A6D19BEF-CEBE-420C-A70B-4A64EDDFF942}.Release|Any CPU.Build.0 = Release|x64
		{A6D19BEF-CEBE-420C-A70B-4A64EDDFF942}.Release|x64.ActiveCfg = Release|x64
		{A6D19BEF-CEBE-420C-A70B-4A64EDDFF942}.Release|x64.Build.0 = Release|x64
		{A6D19BEF-CEBE-420C-A70B-4A64EDDFF942}.Release|x86.ActiveCfg = Release|Win32
		{A6D19BEF-CEBE-420C-A70B-4A64EDDFF942}.Release|x86.Build.0 = Release|Win32
		{8A768146-1A95-490B-BB2A-73BDCBB766FA}.Debug|Any CPU.ActiveCfg = Debug|x64
		{8A768146-1A95-490B-BB2A-73BDCBB766FA}.Debug|Any CPU.Build.0 = Debug|x64
		{8A768146-1A95-490B-BB2A-73BDCBB766FA}.Debug|x64.ActiveCfg = Debug|x64
		{8A768146-1A95-490B-BB2A-73BDCBB766FA}.Debug|x64.Build.0 = Debug|x64
		{8A768146-1A95-490B-BB2A-73BDCBB766FA}.Debug|x86.ActiveCfg = Debug|Win32
		{8A768146-1A95-490B-BB2A-73BDCBB766FA}.Debug|x86.Build.0 = Debug|Win32
		{8A768146-1A95-490B-BB2A-73BDCBB766FA}.Release|Any CPU.ActiveCfg = Release|x64
		{8A768146-1A95-490B-BB2A-73BDCBB766FA}.Release|Any CPU.Build.0 = Release|x64
		{8A768146-1A95-490B-BB2A-73BDCBB766FA}.Release|x64.ActiveCfg = Release|x64
		{8A768146-1A95-490B-BB2A-73BDCBB766FA}.Release|x64.Build.0 = Release|x64
		{8A768146-1A95-490B-BB2A-73BDCBB766FA}.Release|x86.ActiveCfg = Release|Win32
		{8A768146-1A95-490B-BB2A-73BDCBB766FA}.Release|x86.Build.0 = Release|Win32
		{198A72DB-2935-497A-9618-FE68A2128EED}.Debug|Any CPU.ActiveCfg = Debug|x64
		{198A72DB-2935-497A-9618-FE68A2128EED}.Debug|Any CPU.Build.0 = Debug|x64
		{198A72DB-2935-497A-9618-FE68A2128EED}.Debug|x64.ActiveCfg = Debug|x64
		{198A72DB-2935-497A-9618-FE68A2128EED}.Debug|x64.Build.0 = Debug|x64
		{198A72DB-2935-497A-9618-FE68A2128EED}.Debug|x86.ActiveCfg = Debug|Win32
		{198A72DB-2935-497A-9618-FE68A2128EED}.Debug|x86.Build.0 = Debug|Win32
		{198A72DB-2935-497A-9618-FE68A2128EED}.Release|Any CPU.ActiveCfg = Release|x64
		{198A72DB-2935-497A-9618-FE68A2128EED}.Release|Any CPU.Build.0 = Release|x64
		{198A72DB-2935-497A-9618-FE68A2128EED}.Release|x64.ActiveCfg = Release|x64
		{198A72DB-2935-497A-9618-FE68A2128EED}.Release|x64.Build.0 = Release|x64
		{198A72DB-2935-497A-9618-FE68A2128EED}.Release|x86.ActiveCfg = Release|Win32
		{198A72DB-2935-497A-9618-FE68A2128EED}.Release|x86.Build.0 = Release|Win32
		{001F2B73-CBE6-4D26-89B0-FDD74A5A85D7}.Debug|Any CPU.ActiveCfg = Debug|x64
		{001F2B73-CBE6-4D26-89B0-FDD74A5A85D7}.Debug|Any CPU.Build.0 = Debug|x64
		{001F2B73-CBE6-4D26-89B0-FDD74A5A85D7}.Debug|x64.ActiveCfg = Debug|x64
		{001F2B73-CBE6-4D26-89B0-FDD74A5A85D7}.Debug|x64.Build.0 = Debug|x64
		{001F2B73-CBE6-4D26-89B0-FDD74A5A85D7}.Debug|x86.ActiveCfg = Debug|Win32
		{001F2B73-CBE6-4D26-89B0-FDD74A5A85D7}.Debug|x86.Build.0 = Debug|Win32
		{001F2B73-CBE6-4D26-89B0-FDD74A5A85D7}.Release|Any CPU.ActiveCfg = Release|x64
		{001F2B73-CBE6-4D26-89B0-FDD74A5A85D7}.Release|Any CPU.Build.0 = Release|x64
		{001F2B73-CBE6-4D26-89B0-FDD74A5A85D7}.Release|x64.ActiveCfg = Release|x64
		{001F2B73-CBE6-4D26-89B0-FDD74A5A85D7}.Release|x64.Build.0 = Release|x64
		{001F2B73-CBE6-4D26-89B0-FDD74A5A85D7}.Release|x86.ActiveCfg = Release|Win32
		{001F2B73-CBE6-4D26-89B0-FDD74A5A85D7}.Release|x86.Build.0 = Release|Win32
		{4CC60355-02AA-47C7-A03E-932B9D77675F}.Debug|Any CPU.ActiveCfg = Debug|x64
		{4CC60355-02AA-47C7-A03E-932B9D77675F}.Debug|Any CPU.Build.0 = Debug|x64
		{4CC60355-02AA-47C7-A03E-932B9D77675F}.Debug|x64.ActiveCfg = Debug|x64
		{4CC60355-02AA-47C7-A03E-932B9D77675F}.Debug|x64.Build.0 = Debug|x64
		{4CC60355-02AA-47C7-A03E-932B9D77675F}.Debug|x86.ActiveCfg = Debug|Win32
		{4CC60355-02AA-47C7-A03E-932B9D77675F}.Debug|x86.Build.0 = Debug|Win32
		{4CC60355-02AA-47C7-A03E-932B9D77675F}.Release|Any CPU.ActiveCfg = Release|x64
		{4CC60355-02AA-47C7-A03E-932B9D77675F}.Release|Any CPU.Build.0 = Release|x64
		{4CC60355-02AA-47C7-A03E-932B9D77675F}.Release|x64.ActiveCfg = Release|x64
		{4CC60355-02AA-47C7-A03E-932B9D77675F}.Release|x64.Build.0 = Release|x64
		{4CC60355-02AA-47C7-A03E-932B9D77675F}.Release|x86.ActiveCfg = Release|Win32
		{4CC60355-02AA-47C7-A03E-932B9D77675F}.Release|x86.Build.0 = Release|Win32
	EndGlobalSection
	GlobalSection(SolutionProperties) = preSolution
		HideSolutionNode = FALSE
	EndGlobalSection
	GlobalSection(ExtensibilityGlobals) = postSolution
		SolutionGuid = {A5A89C48-4C06-4DE3-A9D8-1792F0B4E8A0}
	EndGlobalSection
EndGlobal
