
Microsoft Visual Studio Solution File, Format Version 12.00
# Visual Studio Version 17
VisualStudioVersion = 17.13.35825.156
MinimumVisualStudioVersion = 10.0.40219.1
Project("{8BC9CEB8-8B4A-11D0-8D11-00A0C91BC942}") = "Lesson8", "Lesson8\Lesson8.vcxproj", "{C98232F8-23BB-409A-92B8-F056E3939BDB}"
EndProject
Project("{8BC9CEB8-8B4A-11D0-8D11-00A0C91BC942}") = "Lesson9", "Lesson9\Lesson9.vcxproj", "{93FAD7C6-46CD-4178-9ED8-BB9D256BF270}"
EndProject
Project("{8BC9CEB8-8B4A-11D0-8D11-00A0C91BC942}") = "Lesson10", "Lesson10\Lesson10.vcxproj", "{99D490F9-EC71-4A23-88F2-258624832AB1}"
EndProject
Project("{8BC9CEB8-8B4A-11D0-8D11-00A0C91BC942}") = "Lesson11", "Lesson11\Lesson11.vcxproj", "{0B898968-7DB7-4D62-A49E-652C7A87A979}"
EndProject
Project("{8BC9CEB8-8B4A-11D0-8D11-00A0C91BC942}") = "Lesson12", "Lesson12\Lesson12.vcxproj", "{26637AAC-911D-4EC6-935D-7919023CFFC0}"
EndProject
Project("{8BC9CEB8-8B4A-11D0-8D11-00A0C91BC942}") = "Lesson13", "Lesson13\Lesson13.vcxproj", "{41584E7A-E93B-4C42-8145-524756467CF6}"
EndProject
Project("{8BC9CEB8-8B4A-11D0-8D11-00A0C91BC942}") = "Lesson14", "Lesson14\Lesson14.vcxproj", "{2BB7F7A3-1DF2-4178-AA15-762A27550490}"
EndProject
Project("{8BC9CEB8-8B4A-11D0-8D11-00A0C91BC942}") = "Lesson15", "Lesson15\Lesson15.vcxproj", "{5FF389B7-7AC4-41CF-A042-3474730DF40E}"
EndProject
Project("{8BC9CEB8-8B4A-11D0-8D11-00A0C91BC942}") = "Lesson16", "Lesson16\Lesson16.vcxproj", "{ED453244-BAE3-4F84-B715-2D136EB06B04}"
EndProject
Project("{FAE04EC0-301F-11D3-BF4B-00C04F79EFBC}") = "ExampleCsharp", "ExampleCsharp\ExampleCsharp.csproj", "{6E99B360-51E2-4A64-9B3A-FD04D1AE55F7}"
EndProject
Project("{8BC9CEB8-8B4A-11D0-8D11-00A0C91BC942}") = "Lesson17", "Lesson17\Lesson17.vcxproj", "{A2AF057E-7D4F-4ACE-AFE5-E93D7F2C4E9B}"
EndProject
Project("{8BC9CEB8-8B4A-11D0-8D11-00A0C91BC942}") = "Lesson18", "Lesson18\Lesson18.vcxproj", "{09618A24-E5FE-4C2A-A680-F8832B755BBC}"
EndProject
Project("{8BC9CEB8-8B4A-11D0-8D11-00A0C91BC942}") = "Lesson19", "Lesson19\Lesson19.vcxproj", "{674BD745-F5BA-483A-A0F0-A806FDF35605}"
EndProject
Global
	GlobalSection(SolutionConfigurationPlatforms) = preSolution
		Debug|Any CPU = Debug|Any CPU
		Debug|x64 = Debug|x64
		Debug|x86 = Debug|x86
		Release|Any CPU = Release|Any CPU
		Release|x64 = Release|x64
		Release|x86 = Release|x86
	EndGlobalSection
	GlobalSection(ProjectConfigurationPlatforms) = postSolution
		{C98232F8-23BB-409A-92B8-F056E3939BDB}.Debug|Any CPU.ActiveCfg = Debug|x64
		{C98232F8-23BB-409A-92B8-F056E3939BDB}.Debug|Any CPU.Build.0 = Debug|x64
		{C98232F8-23BB-409A-92B8-F056E3939BDB}.Debug|x64.ActiveCfg = Debug|x64
		{C98232F8-23BB-409A-92B8-F056E3939BDB}.Debug|x64.Build.0 = Debug|x64
		{C98232F8-23BB-409A-92B8-F056E3939BDB}.Debug|x86.ActiveCfg = Debug|Win32
		{C98232F8-23BB-409A-92B8-F056E3939BDB}.Debug|x86.Build.0 = Debug|Win32
		{C98232F8-23BB-409A-92B8-F056E3939BDB}.Release|Any CPU.ActiveCfg = Release|x64
		{C98232F8-23BB-409A-92B8-F056E3939BDB}.Release|Any CPU.Build.0 = Release|x64
		{C98232F8-23BB-409A-92B8-F056E3939BDB}.Release|x64.ActiveCfg = Release|x64
		{C98232F8-23BB-409A-92B8-F056E3939BDB}.Release|x64.Build.0 = Release|x64
		{C98232F8-23BB-409A-92B8-F056E3939BDB}.Release|x86.ActiveCfg = Release|Win32
		{C98232F8-23BB-409A-92B8-F056E3939BDB}.Release|x86.Build.0 = Release|Win32
		{93FAD7C6-46CD-4178-9ED8-BB9D256BF270}.Debug|Any CPU.ActiveCfg = Debug|x64
		{93FAD7C6-46CD-4178-9ED8-BB9D256BF270}.Debug|Any CPU.Build.0 = Debug|x64
		{93FAD7C6-46CD-4178-9ED8-BB9D256BF270}.Debug|x64.ActiveCfg = Debug|x64
		{93FAD7C6-46CD-4178-9ED8-BB9D256BF270}.Debug|x64.Build.0 = Debug|x64
		{93FAD7C6-46CD-4178-9ED8-BB9D256BF270}.Debug|x86.ActiveCfg = Debug|Win32
		{93FAD7C6-46CD-4178-9ED8-BB9D256BF270}.Debug|x86.Build.0 = Debug|Win32
		{93FAD7C6-46CD-4178-9ED8-BB9D256BF270}.Release|Any CPU.ActiveCfg = Release|x64
		{93FAD7C6-46CD-4178-9ED8-BB9D256BF270}.Release|Any CPU.Build.0 = Release|x64
		{93FAD7C6-46CD-4178-9ED8-BB9D256BF270}.Release|x64.ActiveCfg = Release|x64
		{93FAD7C6-46CD-4178-9ED8-BB9D256BF270}.Release|x64.Build.0 = Release|x64
		{93FAD7C6-46CD-4178-9ED8-BB9D256BF270}.Release|x86.ActiveCfg = Release|Win32
		{93FAD7C6-46CD-4178-9ED8-BB9D256BF270}.Release|x86.Build.0 = Release|Win32
		{99D490F9-EC71-4A23-88F2-258624832AB1}.Debug|Any CPU.ActiveCfg = Debug|x64
		{99D490F9-EC71-4A23-88F2-258624832AB1}.Debug|Any CPU.Build.0 = Debug|x64
		{99D490F9-EC71-4A23-88F2-258624832AB1}.Debug|x64.ActiveCfg = Debug|x64
		{99D490F9-EC71-4A23-88F2-258624832AB1}.Debug|x64.Build.0 = Debug|x64
		{99D490F9-EC71-4A23-88F2-258624832AB1}.Debug|x86.ActiveCfg = Debug|Win32
		{99D490F9-EC71-4A23-88F2-258624832AB1}.Debug|x86.Build.0 = Debug|Win32
		{99D490F9-EC71-4A23-88F2-258624832AB1}.Release|Any CPU.ActiveCfg = Release|x64
		{99D490F9-EC71-4A23-88F2-258624832AB1}.Release|Any CPU.Build.0 = Release|x64
		{99D490F9-EC71-4A23-88F2-258624832AB1}.Release|x64.ActiveCfg = Release|x64
		{99D490F9-EC71-4A23-88F2-258624832AB1}.Release|x64.Build.0 = Release|x64
		{99D490F9-EC71-4A23-88F2-258624832AB1}.Release|x86.ActiveCfg = Release|Win32
		{99D490F9-EC71-4A23-88F2-258624832AB1}.Release|x86.Build.0 = Release|Win32
		{0B898968-7DB7-4D62-A49E-652C7A87A979}.Debug|Any CPU.ActiveCfg = Debug|x64
		{0B898968-7DB7-4D62-A49E-652C7A87A979}.Debug|Any CPU.Build.0 = Debug|x64
		{0B898968-7DB7-4D62-A49E-652C7A87A979}.Debug|x64.ActiveCfg = Debug|x64
		{0B898968-7DB7-4D62-A49E-652C7A87A979}.Debug|x64.Build.0 = Debug|x64
		{0B898968-7DB7-4D62-A49E-652C7A87A979}.Debug|x86.ActiveCfg = Debug|Win32
		{0B898968-7DB7-4D62-A49E-652C7A87A979}.Debug|x86.Build.0 = Debug|Win32
		{0B898968-7DB7-4D62-A49E-652C7A87A979}.Release|Any CPU.ActiveCfg = Release|x64
		{0B898968-7DB7-4D62-A49E-652C7A87A979}.Release|Any CPU.Build.0 = Release|x64
		{0B898968-7DB7-4D62-A49E-652C7A87A979}.Release|x64.ActiveCfg = Release|x64
		{0B898968-7DB7-4D62-A49E-652C7A87A979}.Release|x64.Build.0 = Release|x64
		{0B898968-7DB7-4D62-A49E-652C7A87A979}.Release|x86.ActiveCfg = Release|Win32
		{0B898968-7DB7-4D62-A49E-652C7A87A979}.Release|x86.Build.0 = Release|Win32
		{26637AAC-911D-4EC6-935D-7919023CFFC0}.Debug|Any CPU.ActiveCfg = Debug|x64
		{26637AAC-911D-4EC6-935D-7919023CFFC0}.Debug|Any CPU.Build.0 = Debug|x64
		{26637AAC-911D-4EC6-935D-7919023CFFC0}.Debug|x64.ActiveCfg = Debug|x64
		{26637AAC-911D-4EC6-935D-7919023CFFC0}.Debug|x64.Build.0 = Debug|x64
		{26637AAC-911D-4EC6-935D-7919023CFFC0}.Debug|x86.ActiveCfg = Debug|Win32
		{26637AAC-911D-4EC6-935D-7919023CFFC0}.Debug|x86.Build.0 = Debug|Win32
		{26637AAC-911D-4EC6-935D-7919023CFFC0}.Release|Any CPU.ActiveCfg = Release|x64
		{26637AAC-911D-4EC6-935D-7919023CFFC0}.Release|Any CPU.Build.0 = Release|x64
		{26637AAC-911D-4EC6-935D-7919023CFFC0}.Release|x64.ActiveCfg = Release|x64
		{26637AAC-911D-4EC6-935D-7919023CFFC0}.Release|x64.Build.0 = Release|x64
		{26637AAC-911D-4EC6-935D-7919023CFFC0}.Release|x86.ActiveCfg = Release|Win32
		{26637AAC-911D-4EC6-935D-7919023CFFC0}.Release|x86.Build.0 = Release|Win32
		{41584E7A-E93B-4C42-8145-524756467CF6}.Debug|Any CPU.ActiveCfg = Debug|x64
		{41584E7A-E93B-4C42-8145-524756467CF6}.Debug|Any CPU.Build.0 = Debug|x64
		{41584E7A-E93B-4C42-8145-524756467CF6}.Debug|x64.ActiveCfg = Debug|x64
		{41584E7A-E93B-4C42-8145-524756467CF6}.Debug|x64.Build.0 = Debug|x64
		{41584E7A-E93B-4C42-8145-524756467CF6}.Debug|x86.ActiveCfg = Debug|Win32
		{41584E7A-E93B-4C42-8145-524756467CF6}.Debug|x86.Build.0 = Debug|Win32
		{41584E7A-E93B-4C42-8145-524756467CF6}.Release|Any CPU.ActiveCfg = Release|x64
		{41584E7A-E93B-4C42-8145-524756467CF6}.Release|Any CPU.Build.0 = Release|x64
		{41584E7A-E93B-4C42-8145-524756467CF6}.Release|x64.ActiveCfg = Release|x64
		{41584E7A-E93B-4C42-8145-524756467CF6}.Release|x64.Build.0 = Release|x64
		{41584E7A-E93B-4C42-8145-524756467CF6}.Release|x86.ActiveCfg = Release|Win32
		{41584E7A-E93B-4C42-8145-524756467CF6}.Release|x86.Build.0 = Release|Win32
		{2BB7F7A3-1DF2-4178-AA15-762A27550490}.Debug|Any CPU.ActiveCfg = Debug|x64
		{2BB7F7A3-1DF2-4178-AA15-762A27550490}.Debug|Any CPU.Build.0 = Debug|x64
		{2BB7F7A3-1DF2-4178-AA15-762A27550490}.Debug|x64.ActiveCfg = Debug|x64
		{2BB7F7A3-1DF2-4178-AA15-762A27550490}.Debug|x64.Build.0 = Debug|x64
		{2BB7F7A3-1DF2-4178-AA15-762A27550490}.Debug|x86.ActiveCfg = Debug|Win32
		{2BB7F7A3-1DF2-4178-AA15-762A27550490}.Debug|x86.Build.0 = Debug|Win32
		{2BB7F7A3-1DF2-4178-AA15-762A27550490}.Release|Any CPU.ActiveCfg = Release|x64
		{2BB7F7A3-1DF2-4178-AA15-762A27550490}.Release|Any CPU.Build.0 = Release|x64
		{2BB7F7A3-1DF2-4178-AA15-762A27550490}.Release|x64.ActiveCfg = Release|x64
		{2BB7F7A3-1DF2-4178-AA15-762A27550490}.Release|x64.Build.0 = Release|x64
		{2BB7F7A3-1DF2-4178-AA15-762A27550490}.Release|x86.ActiveCfg = Release|Win32
		{2BB7F7A3-1DF2-4178-AA15-762A27550490}.Release|x86.Build.0 = Release|Win32
		{5FF389B7-7AC4-41CF-A042-3474730DF40E}.Debug|Any CPU.ActiveCfg = Debug|x64
		{5FF389B7-7AC4-41CF-A042-3474730DF40E}.Debug|Any CPU.Build.0 = Debug|x64
		{5FF389B7-7AC4-41CF-A042-3474730DF40E}.Debug|x64.ActiveCfg = Debug|x64
		{5FF389B7-7AC4-41CF-A042-3474730DF40E}.Debug|x64.Build.0 = Debug|x64
		{5FF389B7-7AC4-41CF-A042-3474730DF40E}.Debug|x86.ActiveCfg = Debug|Win32
		{5FF389B7-7AC4-41CF-A042-3474730DF40E}.Debug|x86.Build.0 = Debug|Win32
		{5FF389B7-7AC4-41CF-A042-3474730DF40E}.Release|Any CPU.ActiveCfg = Release|x64
		{5FF389B7-7AC4-41CF-A042-3474730DF40E}.Release|Any CPU.Build.0 = Release|x64
		{5FF389B7-7AC4-41CF-A042-3474730DF40E}.Release|x64.ActiveCfg = Release|x64
		{5FF389B7-7AC4-41CF-A042-3474730DF40E}.Release|x64.Build.0 = Release|x64
		{5FF389B7-7AC4-41CF-A042-3474730DF40E}.Release|x86.ActiveCfg = Release|Win32
		{5FF389B7-7AC4-41CF-A042-3474730DF40E}.Release|x86.Build.0 = Release|Win32
		{ED453244-BAE3-4F84-B715-2D136EB06B04}.Debug|Any CPU.ActiveCfg = Debug|x64
		{ED453244-BAE3-4F84-B715-2D136EB06B04}.Debug|Any CPU.Build.0 = Debug|x64
		{ED453244-BAE3-4F84-B715-2D136EB06B04}.Debug|x64.ActiveCfg = Debug|x64
		{ED453244-BAE3-4F84-B715-2D136EB06B04}.Debug|x64.Build.0 = Debug|x64
		{ED453244-BAE3-4F84-B715-2D136EB06B04}.Debug|x86.ActiveCfg = Debug|Win32
		{ED453244-BAE3-4F84-B715-2D136EB06B04}.Debug|x86.Build.0 = Debug|Win32
		{ED453244-BAE3-4F84-B715-2D136EB06B04}.Release|Any CPU.ActiveCfg = Release|x64
		{ED453244-BAE3-4F84-B715-2D136EB06B04}.Release|Any CPU.Build.0 = Release|x64
		{ED453244-BAE3-4F84-B715-2D136EB06B04}.Release|x64.ActiveCfg = Release|x64
		{ED453244-BAE3-4F84-B715-2D136EB06B04}.Release|x64.Build.0 = Release|x64
		{ED453244-BAE3-4F84-B715-2D136EB06B04}.Release|x86.ActiveCfg = Release|Win32
		{ED453244-BAE3-4F84-B715-2D136EB06B04}.Release|x86.Build.0 = Release|Win32
		{6E99B360-51E2-4A64-9B3A-FD04D1AE55F7}.Debug|Any CPU.ActiveCfg = Debug|Any CPU
		{6E99B360-51E2-4A64-9B3A-FD04D1AE55F7}.Debug|Any CPU.Build.0 = Debug|Any CPU
		{6E99B360-51E2-4A64-9B3A-FD04D1AE55F7}.Debug|x64.ActiveCfg = Debug|Any CPU
		{6E99B360-51E2-4A64-9B3A-FD04D1AE55F7}.Debug|x64.Build.0 = Debug|Any CPU
		{6E99B360-51E2-4A64-9B3A-FD04D1AE55F7}.Debug|x86.ActiveCfg = Debug|Any CPU
		{6E99B360-51E2-4A64-9B3A-FD04D1AE55F7}.Debug|x86.Build.0 = Debug|Any CPU
		{6E99B360-51E2-4A64-9B3A-FD04D1AE55F7}.Release|Any CPU.ActiveCfg = Release|Any CPU
		{6E99B360-51E2-4A64-9B3A-FD04D1AE55F7}.Release|Any CPU.Build.0 = Release|Any CPU
		{6E99B360-51E2-4A64-9B3A-FD04D1AE55F7}.Release|x64.ActiveCfg = Release|Any CPU
		{6E99B360-51E2-4A64-9B3A-FD04D1AE55F7}.Release|x64.Build.0 = Release|Any CPU
		{6E99B360-51E2-4A64-9B3A-FD04D1AE55F7}.Release|x86.ActiveCfg = Release|Any CPU
		{6E99B360-51E2-4A64-9B3A-FD04D1AE55F7}.Release|x86.Build.0 = Release|Any CPU
		{A2AF057E-7D4F-4ACE-AFE5-E93D7F2C4E9B}.Debug|Any CPU.ActiveCfg = Debug|x64
		{A2AF057E-7D4F-4ACE-AFE5-E93D7F2C4E9B}.Debug|Any CPU.Build.0 = Debug|x64
		{A2AF057E-7D4F-4ACE-AFE5-E93D7F2C4E9B}.Debug|x64.ActiveCfg = Debug|x64
		{A2AF057E-7D4F-4ACE-AFE5-E93D7F2C4E9B}.Debug|x64.Build.0 = Debug|x64
		{A2AF057E-7D4F-4ACE-AFE5-E93D7F2C4E9B}.Debug|x86.ActiveCfg = Debug|Win32
		{A2AF057E-7D4F-4ACE-AFE5-E93D7F2C4E9B}.Debug|x86.Build.0 = Debug|Win32
		{A2AF057E-7D4F-4ACE-AFE5-E93D7F2C4E9B}.Release|Any CPU.ActiveCfg = Release|x64
		{A2AF057E-7D4F-4ACE-AFE5-E93D7F2C4E9B}.Release|Any CPU.Build.0 = Release|x64
		{A2AF057E-7D4F-4ACE-AFE5-E93D7F2C4E9B}.Release|x64.ActiveCfg = Release|x64
		{A2AF057E-7D4F-4ACE-AFE5-E93D7F2C4E9B}.Release|x64.Build.0 = Release|x64
		{A2AF057E-7D4F-4ACE-AFE5-E93D7F2C4E9B}.Release|x86.ActiveCfg = Release|Win32
		{A2AF057E-7D4F-4ACE-AFE5-E93D7F2C4E9B}.Release|x86.Build.0 = Release|Win32
		{09618A24-E5FE-4C2A-A680-F8832B755BBC}.Debug|Any CPU.ActiveCfg = Debug|x64
		{09618A24-E5FE-4C2A-A680-F8832B755BBC}.Debug|Any CPU.Build.0 = Debug|x64
		{09618A24-E5FE-4C2A-A680-F8832B755BBC}.Debug|x64.ActiveCfg = Debug|x64
		{09618A24-E5FE-4C2A-A680-F8832B755BBC}.Debug|x64.Build.0 = Debug|x64
		{09618A24-E5FE-4C2A-A680-F8832B755BBC}.Debug|x86.ActiveCfg = Debug|Win32
		{09618A24-E5FE-4C2A-A680-F8832B755BBC}.Debug|x86.Build.0 = Debug|Win32
		{09618A24-E5FE-4C2A-A680-F8832B755BBC}.Release|Any CPU.ActiveCfg = Release|x64
		{09618A24-E5FE-4C2A-A680-F8832B755BBC}.Release|Any CPU.Build.0 = Release|x64
		{09618A24-E5FE-4C2A-A680-F8832B755BBC}.Release|x64.ActiveCfg = Release|x64
		{09618A24-E5FE-4C2A-A680-F8832B755BBC}.Release|x64.Build.0 = Release|x64
		{09618A24-E5FE-4C2A-A680-F8832B755BBC}.Release|x86.ActiveCfg = Release|Win32
		{09618A24-E5FE-4C2A-A680-F8832B755BBC}.Release|x86.Build.0 = Release|Win32
		{674BD745-F5BA-483A-A0F0-A806FDF35605}.Debug|Any CPU.ActiveCfg = Debug|x64
		{674BD745-F5BA-483A-A0F0-A806FDF35605}.Debug|Any CPU.Build.0 = Debug|x64
		{674BD745-F5BA-483A-A0F0-A806FDF35605}.Debug|x64.ActiveCfg = Debug|x64
		{674BD745-F5BA-483A-A0F0-A806FDF35605}.Debug|x64.Build.0 = Debug|x64
		{674BD745-F5BA-483A-A0F0-A806FDF35605}.Debug|x86.ActiveCfg = Debug|Win32
		{674BD745-F5BA-483A-A0F0-A806FDF35605}.Debug|x86.Build.0 = Debug|Win32
		{674BD745-F5BA-483A-A0F0-A806FDF35605}.Release|Any CPU.ActiveCfg = Release|x64
		{674BD745-F5BA-483A-A0F0-A806FDF35605}.Release|Any CPU.Build.0 = Release|x64
		{674BD745-F5BA-483A-A0F0-A806FDF35605}.Release|x64.ActiveCfg = Release|x64
		{674BD745-F5BA-483A-A0F0-A806FDF35605}.Release|x64.Build.0 = Release|x64
		{674BD745-F5BA-483A-A0F0-A806FDF35605}.Release|x86.ActiveCfg = Release|Win32
		{674BD745-F5BA-483A-A0F0-A806FDF35605}.Release|x86.Build.0 = Release|Win32
	EndGlobalSection
	GlobalSection(SolutionProperties) = preSolution
		HideSolutionNode = FALSE
	EndGlobalSection
	GlobalSection(ExtensibilityGlobals) = postSolution
		SolutionGuid = {A5A89C48-4C06-4DE3-A9D8-1792F0B4E8A0}
	EndGlobalSection
EndGlobal
